// !$*UTF8*$!
{
	archiveVersion = 1;
	classes = {
	};
	objectVersion = 56;
	objects = {

/* Begin PBXBuildFile section */
		AC0F9E262D0FD99600C90CD5 /* SimpleWeatherAppApp.swift in Sources */ = {isa = PBXBuildFile; fileRef = AC0F9E252D0FD99600C90CD5 /* SimpleWeatherAppApp.swift */; };
		AC0F9E282D0FD99600C90CD5 /* ContentView.swift in Sources */ = {isa = PBXBuildFile; fileRef = AC0F9E272D0FD99600C90CD5 /* ContentView.swift */; };
		AC0F9E2A2D0FD99700C90CD5 /* Assets.xcassets in Resources */ = {isa = PBXBuildFile; fileRef = AC0F9E292D0FD99700C90CD5 /* Assets.xcassets */; };
		AC0F9E2D2D0FD99700C90CD5 /* Preview Assets.xcassets in Resources */ = {isa = PBXBuildFile; fileRef = AC0F9E2C2D0FD99700C90CD5 /* Preview Assets.xcassets */; };
		AC0F9E372D0FD99700C90CD5 /* SimpleWeatherAppTests.swift in Sources */ = {isa = PBXBuildFile; fileRef = AC0F9E362D0FD99700C90CD5 /* SimpleWeatherAppTests.swift */; };
		AC0F9E412D0FD99700C90CD5 /* SimpleWeatherAppUITests.swift in Sources */ = {isa = PBXBuildFile; fileRef = AC0F9E402D0FD99700C90CD5 /* SimpleWeatherAppUITests.swift */; };
		AC0F9E432D0FD99700C90CD5 /* SimpleWeatherAppUITestsLaunchTests.swift in Sources */ = {isa = PBXBuildFile; fileRef = AC0F9E422D0FD99700C90CD5 /* SimpleWeatherAppUITestsLaunchTests.swift */; };
		AC0F9E502D0FD9BA00C90CD5 /* WeatherViewModel.swift in Sources */ = {isa = PBXBuildFile; fileRef = AC0F9E4F2D0FD9BA00C90CD5 /* WeatherViewModel.swift */; };
		AC0F9E522D0FD9D100C90CD5 /* WeatherModel.swift in Sources */ = {isa = PBXBuildFile; fileRef = AC0F9E512D0FD9D100C90CD5 /* WeatherModel.swift */; };
/* End PBXBuildFile section */

/* Begin PBXContainerItemProxy section */
		AC0F9E332D0FD99700C90CD5 /* PBXContainerItemProxy */ = {
			isa = PBXContainerItemProxy;
			containerPortal = AC0F9E1A2D0FD99600C90CD5 /* Project object */;
			proxyType = 1;
			remoteGlobalIDString = AC0F9E212D0FD99600C90CD5;
			remoteInfo = SimpleWeatherApp;
		};
		AC0F9E3D2D0FD99700C90CD5 /* PBXContainerItemProxy */ = {
			isa = PBXContainerItemProxy;
			containerPortal = AC0F9E1A2D0FD99600C90CD5 /* Project object */;
			proxyType = 1;
			remoteGlobalIDString = AC0F9E212D0FD99600C90CD5;
			remoteInfo = SimpleWeatherApp;
		};
/* End PBXContainerItemProxy section */

/* Begin PBXFileReference section */
		AC0F9E222D0FD99600C90CD5 /* SimpleWeatherApp.app */ = {isa = PBXFileReference; explicitFileType = wrapper.application; includeInIndex = 0; path = SimpleWeatherApp.app; sourceTree = BUILT_PRODUCTS_DIR; };
		AC0F9E252D0FD99600C90CD5 /* SimpleWeatherAppApp.swift */ = {isa = PBXFileReference; lastKnownFileType = sourcecode.swift; path = SimpleWeatherAppApp.swift; sourceTree = "<group>"; };
		AC0F9E272D0FD99600C90CD5 /* ContentView.swift */ = {isa = PBXFileReference; lastKnownFileType = sourcecode.swift; path = ContentView.swift; sourceTree = "<group>"; };
		AC0F9E292D0FD99700C90CD5 /* Assets.xcassets */ = {isa = PBXFileReference; lastKnownFileType = folder.assetcatalog; path = Assets.xcassets; sourceTree = "<group>"; };
		AC0F9E2C2D0FD99700C90CD5 /* Preview Assets.xcassets */ = {isa = PBXFileReference; lastKnownFileType = folder.assetcatalog; path = "Preview Assets.xcassets"; sourceTree = "<group>"; };
		AC0F9E322D0FD99700C90CD5 /* SimpleWeatherAppTests.xctest */ = {isa = PBXFileReference; explicitFileType = wrapper.cfbundle; includeInIndex = 0; path = SimpleWeatherAppTests.xctest; sourceTree = BUILT_PRODUCTS_DIR; };
		AC0F9E362D0FD99700C90CD5 /* SimpleWeatherAppTests.swift */ = {isa = PBXFileReference; lastKnownFileType = sourcecode.swift; path = SimpleWeatherAppTests.swift; sourceTree = "<group>"; };
		AC0F9E3C2D0FD99700C90CD5 /* SimpleWeatherAppUITests.xctest */ = {isa = PBXFileReference; explicitFileType = wrapper.cfbundle; includeInIndex = 0; path = SimpleWeatherAppUITests.xctest; sourceTree = BUILT_PRODUCTS_DIR; };
		AC0F9E402D0FD99700C90CD5 /* SimpleWeatherAppUITests.swift */ = {isa = PBXFileReference; lastKnownFileType = sourcecode.swift; path = SimpleWeatherAppUITests.swift; sourceTree = "<group>"; };
		AC0F9E422D0FD99700C90CD5 /* SimpleWeatherAppUITestsLaunchTests.swift */ = {isa = PBXFileReference; lastKnownFileType = sourcecode.swift; path = SimpleWeatherAppUITestsLaunchTests.swift; sourceTree = "<group>"; };
		AC0F9E4F2D0FD9BA00C90CD5 /* WeatherViewModel.swift */ = {isa = PBXFileReference; lastKnownFileType = sourcecode.swift; path = WeatherViewModel.swift; sourceTree = "<group>"; };
		AC0F9E512D0FD9D100C90CD5 /* WeatherModel.swift */ = {isa = PBXFileReference; lastKnownFileType = sourcecode.swift; path = WeatherModel.swift; sourceTree = "<group>"; };
		AC4673152D0FDA090047EADC /* Info.plist */ = {isa = PBXFileReference; lastKnownFileType = text.plist.xml; path = Info.plist; sourceTree = "<group>"; };
/* End PBXFileReference section */

/* Begin PBXFrameworksBuildPhase section */
		AC0F9E1F2D0FD99600C90CD5 /* Frameworks */ = {
			isa = PBXFrameworksBuildPhase;
			buildActionMask = 2147483647;
			files = (
			);
			runOnlyForDeploymentPostprocessing = 0;
		};
		AC0F9E2F2D0FD99700C90CD5 /* Frameworks */ = {
			isa = PBXFrameworksBuildPhase;
			buildActionMask = 2147483647;
			files = (
			);
			runOnlyForDeploymentPostprocessing = 0;
		};
		AC0F9E392D0FD99700C90CD5 /* Frameworks */ = {
			isa = PBXFrameworksBuildPhase;
			buildActionMask = 2147483647;
			files = (
			);
			runOnlyForDeploymentPostprocessing = 0;
		};
/* End PBXFrameworksBuildPhase section */

/* Begin PBXGroup section */
		AC0F9E192D0FD99600C90CD5 = {
			isa = PBXGroup;
			children = (
				AC0F9E242D0FD99600C90CD5 /* SimpleWeatherApp */,
				AC0F9E352D0FD99700C90CD5 /* SimpleWeatherAppTests */,
				AC0F9E3F2D0FD99700C90CD5 /* SimpleWeatherAppUITests */,
				AC0F9E232D0FD99600C90CD5 /* Products */,
			);
			sourceTree = "<group>";
		};
		AC0F9E232D0FD99600C90CD5 /* Products */ = {
			isa = PBXGroup;
			children = (
				AC0F9E222D0FD99600C90CD5 /* SimpleWeatherApp.app */,
				AC0F9E322D0FD99700C90CD5 /* SimpleWeatherAppTests.xctest */,
				AC0F9E3C2D0FD99700C90CD5 /* SimpleWeatherAppUITests.xctest */,
			);
			name = Products;
			sourceTree = "<group>";
		};
		AC0F9E242D0FD99600C90CD5 /* SimpleWeatherApp */ = {
			isa = PBXGroup;
			children = (
				AC4673152D0FDA090047EADC /* Info.plist */,
				AC0F9E252D0FD99600C90CD5 /* SimpleWeatherAppApp.swift */,
				AC0F9E272D0FD99600C90CD5 /* ContentView.swift */,
				AC0F9E4F2D0FD9BA00C90CD5 /* WeatherViewModel.swift */,
				AC0F9E512D0FD9D100C90CD5 /* WeatherModel.swift */,
				AC0F9E292D0FD99700C90CD5 /* Assets.xcassets */,
				AC0F9E2B2D0FD99700C90CD5 /* Preview Content */,
			);
			path = SimpleWeatherApp;
			sourceTree = "<group>";
		};
		AC0F9E2B2D0FD99700C90CD5 /* Preview Content */ = {
			isa = PBXGroup;
			children = (
				AC0F9E2C2D0FD99700C90CD5 /* Preview Assets.xcassets */,
			);
			path = "Preview Content";
			sourceTree = "<group>";
		};
		AC0F9E352D0FD99700C90CD5 /* SimpleWeatherAppTests */ = {
			isa = PBXGroup;
			children = (
				AC0F9E362D0FD99700C90CD5 /* SimpleWeatherAppTests.swift */,
			);
			path = SimpleWeatherAppTests;
			sourceTree = "<group>";
		};
		AC0F9E3F2D0FD99700C90CD5 /* SimpleWeatherAppUITests */ = {
			isa = PBXGroup;
			children = (
				AC0F9E402D0FD99700C90CD5 /* SimpleWeatherAppUITests.swift */,
				AC0F9E422D0FD99700C90CD5 /* SimpleWeatherAppUITestsLaunchTests.swift */,
			);
			path = SimpleWeatherAppUITests;
			sourceTree = "<group>";
		};
/* End PBXGroup section */

/* Begin PBXNativeTarget section */
		AC0F9E212D0FD99600C90CD5 /* SimpleWeatherApp */ = {
			isa = PBXNativeTarget;
			buildConfigurationList = AC0F9E462D0FD99700C90CD5 /* Build configuration list for PBXNativeTarget "SimpleWeatherApp" */;
			buildPhases = (
				AC0F9E1E2D0FD99600C90CD5 /* Sources */,
				AC0F9E1F2D0FD99600C90CD5 /* Frameworks */,
				AC0F9E202D0FD99600C90CD5 /* Resources */,
			);
			buildRules = (
			);
			dependencies = (
			);
			name = SimpleWeatherApp;
			productName = SimpleWeatherApp;
			productReference = AC0F9E222D0FD99600C90CD5 /* SimpleWeatherApp.app */;
			productType = "com.apple.product-type.application";
		};
		AC0F9E312D0FD99700C90CD5 /* SimpleWeatherAppTests */ = {
			isa = PBXNativeTarget;
			buildConfigurationList = AC0F9E492D0FD99700C90CD5 /* Build configuration list for PBXNativeTarget "SimpleWeatherAppTests" */;
			buildPhases = (
				AC0F9E2E2D0FD99700C90CD5 /* Sources */,
				AC0F9E2F2D0FD99700C90CD5 /* Frameworks */,
				AC0F9E302D0FD99700C90CD5 /* Resources */,
			);
			buildRules = (
			);
			dependencies = (
				AC0F9E342D0FD99700C90CD5 /* PBXTargetDependency */,
			);
			name = SimpleWeatherAppTests;
			productName = SimpleWeatherAppTests;
			productReference = AC0F9E322D0FD99700C90CD5 /* SimpleWeatherAppTests.xctest */;
			productType = "com.apple.product-type.bundle.unit-test";
		};
		AC0F9E3B2D0FD99700C90CD5 /* SimpleWeatherAppUITests */ = {
			isa = PBXNativeTarget;
			buildConfigurationList = AC0F9E4C2D0FD99700C90CD5 /* Build configuration list for PBXNativeTarget "SimpleWeatherAppUITests" */;
			buildPhases = (
				AC0F9E382D0FD99700C90CD5 /* Sources */,
				AC0F9E392D0FD99700C90CD5 /* Frameworks */,
				AC0F9E3A2D0FD99700C90CD5 /* Resources */,
			);
			buildRules = (
			);
			dependencies = (
				AC0F9E3E2D0FD99700C90CD5 /* PBXTargetDependency */,
			);
			name = SimpleWeatherAppUITests;
			productName = SimpleWeatherAppUITests;
			productReference = AC0F9E3C2D0FD99700C90CD5 /* SimpleWeatherAppUITests.xctest */;
			productType = "com.apple.product-type.bundle.ui-testing";
		};
/* End PBXNativeTarget section */

/* Begin PBXProject section */
		AC0F9E1A2D0FD99600C90CD5 /* Project object */ = {
			isa = PBXProject;
			attributes = {
				BuildIndependentTargetsInParallel = 1;
				LastSwiftUpdateCheck = 1540;
				LastUpgradeCheck = 1540;
				TargetAttributes = {
					AC0F9E212D0FD99600C90CD5 = {
						CreatedOnToolsVersion = 15.4;
					};
					AC0F9E312D0FD99700C90CD5 = {
						CreatedOnToolsVersion = 15.4;
						TestTargetID = AC0F9E212D0FD99600C90CD5;
					};
					AC0F9E3B2D0FD99700C90CD5 = {
						CreatedOnToolsVersion = 15.4;
						TestTargetID = AC0F9E212D0FD99600C90CD5;
					};
				};
			};
			buildConfigurationList = AC0F9E1D2D0FD99600C90CD5 /* Build configuration list for PBXProject "SimpleWeatherApp" */;
			compatibilityVersion = "Xcode 14.0";
			developmentRegion = en;
			hasScannedForEncodings = 0;
			knownRegions = (
				en,
				Base,
			);
			mainGroup = AC0F9E192D0FD99600C90CD5;
			productRefGroup = AC0F9E232D0FD99600C90CD5 /* Products */;
			projectDirPath = "";
			projectRoot = "";
			targets = (
				AC0F9E212D0FD99600C90CD5 /* SimpleWeatherApp */,
				AC0F9E312D0FD99700C90CD5 /* SimpleWeatherAppTests */,
				AC0F9E3B2D0FD99700C90CD5 /* SimpleWeatherAppUITests */,
			);
		};
/* End PBXProject section */

/* Begin PBXResourcesBuildPhase section */
		AC0F9E202D0FD99600C90CD5 /* Resources */ = {
			isa = PBXResourcesBuildPhase;
			buildActionMask = 2147483647;
			files = (
				AC0F9E2D2D0FD99700C90CD5 /* Preview Assets.xcassets in Resources */,
				AC0F9E2A2D0FD99700C90CD5 /* Assets.xcassets in Resources */,
			);
			runOnlyForDeploymentPostprocessing = 0;
		};
		AC0F9E302D0FD99700C90CD5 /* Resources */ = {
			isa = PBXResourcesBuildPhase;
			buildActionMask = 2147483647;
			files = (
			);
			runOnlyForDeploymentPostprocessing = 0;
		};
		AC0F9E3A2D0FD99700C90CD5 /* Resources */ = {
			isa = PBXResourcesBuildPhase;
			buildActionMask = 2147483647;
			files = (
			);
			runOnlyForDeploymentPostprocessing = 0;
		};
/* End PBXResourcesBuildPhase section */

/* Begin PBXSourcesBuildPhase section */
		AC0F9E1E2D0FD99600C90CD5 /* Sources */ = {
			isa = PBXSourcesBuildPhase;
			buildActionMask = 2147483647;
			files = (
				AC0F9E282D0FD99600C90CD5 /* ContentView.swift in Sources */,
				AC0F9E502D0FD9BA00C90CD5 /* WeatherViewModel.swift in Sources */,
				AC0F9E522D0FD9D100C90CD5 /* WeatherModel.swift in Sources */,
				AC0F9E262D0FD99600C90CD5 /* SimpleWeatherAppApp.swift in Sources */,
			);
			runOnlyForDeploymentPostprocessing = 0;
		};
		AC0F9E2E2D0FD99700C90CD5 /* Sources */ = {
			isa = PBXSourcesBuildPhase;
			buildActionMask = 2147483647;
			files = (
				AC0F9E372D0FD99700C90CD5 /* SimpleWeatherAppTests.swift in Sources */,
			);
			runOnlyForDeploymentPostprocessing = 0;
		};
		AC0F9E382D0FD99700C90CD5 /* Sources */ = {
			isa = PBXSourcesBuildPhase;
			buildActionMask = 2147483647;
			files = (
				AC0F9E412D0FD99700C90CD5 /* SimpleWeatherAppUITests.swift in Sources */,
				AC0F9E432D0FD99700C90CD5 /* SimpleWeatherAppUITestsLaunchTests.swift in Sources */,
			);
			runOnlyForDeploymentPostprocessing = 0;
		};
/* End PBXSourcesBuildPhase section */

/* Begin PBXTargetDependency section */
		AC0F9E342D0FD99700C90CD5 /* PBXTargetDependency */ = {
			isa = PBXTargetDependency;
			target = AC0F9E212D0FD99600C90CD5 /* SimpleWeatherApp */;
			targetProxy = AC0F9E332D0FD99700C90CD5 /* PBXContainerItemProxy */;
		};
		AC0F9E3E2D0FD99700C90CD5 /* PBXTargetDependency */ = {
			isa = PBXTargetDependency;
			target = AC0F9E212D0FD99600C90CD5 /* SimpleWeatherApp */;
			targetProxy = AC0F9E3D2D0FD99700C90CD5 /* PBXContainerItemProxy */;
		};
/* End PBXTargetDependency section */

/* Begin XCBuildConfiguration section */
		AC0F9E442D0FD99700C90CD5 /* Debug */ = {
			isa = XCBuildConfiguration;
			buildSettings = {
				ALWAYS_SEARCH_USER_PATHS = NO;
				ASSETCATALOG_COMPILER_GENERATE_SWIFT_ASSET_SYMBOL_EXTENSIONS = YES;
				CLANG_ANALYZER_NONNULL = YES;
				CLANG_ANALYZER_NUMBER_OBJECT_CONVERSION = YES_AGGRESSIVE;
				CLANG_CXX_LANGUAGE_STANDARD = "gnu++20";
				CLANG_ENABLE_MODULES = YES;
				CLANG_ENABLE_OBJC_ARC = YES;
				CLANG_ENABLE_OBJC_WEAK = YES;
				CLANG_WARN_BLOCK_CAPTURE_AUTORELEASING = YES;
				CLANG_WARN_BOOL_CONVERSION = YES;
				CLANG_WARN_COMMA = YES;
				CLANG_WARN_CONSTANT_CONVERSION = YES;
				CLANG_WARN_DEPRECATED_OBJC_IMPLEMENTATIONS = YES;
				CLANG_WARN_DIRECT_OBJC_ISA_USAGE = YES_ERROR;
				CLANG_WARN_DOCUMENTATION_COMMENTS = YES;
				CLANG_WARN_EMPTY_BODY = YES;
				CLANG_WARN_ENUM_CONVERSION = YES;
				CLANG_WARN_INFINITE_RECURSION = YES;
				CLANG_WARN_INT_CONVERSION = YES;
				CLANG_WARN_NON_LITERAL_NULL_CONVERSION = YES;
				CLANG_WARN_OBJC_IMPLICIT_RETAIN_SELF = YES;
				CLANG_WARN_OBJC_LITERAL_CONVERSION = YES;
				CLANG_WARN_OBJC_ROOT_CLASS = YES_ERROR;
				CLANG_WARN_QUOTED_INCLUDE_IN_FRAMEWORK_HEADER = YES;
				CLANG_WARN_RANGE_LOOP_ANALYSIS = YES;
				CLANG_WARN_STRICT_PROTOTYPES = YES;
				CLANG_WARN_SUSPICIOUS_MOVE = YES;
				CLANG_WARN_UNGUARDED_AVAILABILITY = YES_AGGRESSIVE;
				CLANG_WARN_UNREACHABLE_CODE = YES;
				CLANG_WARN__DUPLICATE_METHOD_MATCH = YES;
				COPY_PHASE_STRIP = NO;
				DEBUG_INFORMATION_FORMAT = dwarf;
				ENABLE_STRICT_OBJC_MSGSEND = YES;
				ENABLE_TESTABILITY = YES;
				ENABLE_USER_SCRIPT_SANDBOXING = YES;
				GCC_C_LANGUAGE_STANDARD = gnu17;
				GCC_DYNAMIC_NO_PIC = NO;
				GCC_NO_COMMON_BLOCKS = YES;
				GCC_OPTIMIZATION_LEVEL = 0;
				GCC_PREPROCESSOR_DEFINITIONS = (
					"DEBUG=1",
					"$(inherited)",
				);
				GCC_WARN_64_TO_32_BIT_CONVERSION = YES;
				GCC_WARN_ABOUT_RETURN_TYPE = YES_ERROR;
				GCC_WARN_UNDECLARED_SELECTOR = YES;
				GCC_WARN_UNINITIALIZED_AUTOS = YES_AGGRESSIVE;
				GCC_WARN_UNUSED_FUNCTION = YES;
				GCC_WARN_UNUSED_VARIABLE = YES;
				IPHONEOS_DEPLOYMENT_TARGET = 17.5;
				LOCALIZATION_PREFERS_STRING_CATALOGS = YES;
				MTL_ENABLE_DEBUG_INFO = INCLUDE_SOURCE;
				MTL_FAST_MATH = YES;
				ONLY_ACTIVE_ARCH = YES;
				SDKROOT = iphoneos;
				SWIFT_ACTIVE_COMPILATION_CONDITIONS = "DEBUG $(inherited)";
				SWIFT_OPTIMIZATION_LEVEL = "-Onone";
			};
			name = Debug;
		};
		AC0F9E452D0FD99700C90CD5 /* Release */ = {
			isa = XCBuildConfiguration;
			buildSettings = {
				ALWAYS_SEARCH_USER_PATHS = NO;
				ASSETCATALOG_COMPILER_GENERATE_SWIFT_ASSET_SYMBOL_EXTENSIONS = YES;
				CLANG_ANALYZER_NONNULL = YES;
				CLANG_ANALYZER_NUMBER_OBJECT_CONVERSION = YES_AGGRESSIVE;
				CLANG_CXX_LANGUAGE_STANDARD = "gnu++20";
				CLANG_ENABLE_MODULES = YES;
				CLANG_ENABLE_OBJC_ARC = YES;
				CLANG_ENABLE_OBJC_WEAK = YES;
				CLANG_WARN_BLOCK_CAPTURE_AUTORELEASING = YES;
				CLANG_WARN_BOOL_CONVERSION = YES;
				CLANG_WARN_COMMA = YES;
				CLANG_WARN_CONSTANT_CONVERSION = YES;
				CLANG_WARN_DEPRECATED_OBJC_IMPLEMENTATIONS = YES;
				CLANG_WARN_DIRECT_OBJC_ISA_USAGE = YES_ERROR;
				CLANG_WARN_DOCUMENTATION_COMMENTS = YES;
				CLANG_WARN_EMPTY_BODY = YES;
				CLANG_WARN_ENUM_CONVERSION = YES;
				CLANG_WARN_INFINITE_RECURSION = YES;
				CLANG_WARN_INT_CONVERSION = YES;
				CLANG_WARN_NON_LITERAL_NULL_CONVERSION = YES;
				CLANG_WARN_OBJC_IMPLICIT_RETAIN_SELF = YES;
				CLANG_WARN_OBJC_LITERAL_CONVERSION = YES;
				CLANG_WARN_OBJC_ROOT_CLASS = YES_ERROR;
				CLANG_WARN_QUOTED_INCLUDE_IN_FRAMEWORK_HEADER = YES;
				CLANG_WARN_RANGE_LOOP_ANALYSIS = YES;
				CLANG_WARN_STRICT_PROTOTYPES = YES;
				CLANG_WARN_SUSPICIOUS_MOVE = YES;
				CLANG_WARN_UNGUARDED_AVAILABILITY = YES_AGGRESSIVE;
				CLANG_WARN_UNREACHABLE_CODE = YES;
				CLANG_WARN__DUPLICATE_METHOD_MATCH = YES;
				COPY_PHASE_STRIP = NO;
				DEBUG_INFORMATION_FORMAT = "dwarf-with-dsym";
				ENABLE_NS_ASSERTIONS = NO;
				ENABLE_STRICT_OBJC_MSGSEND = YES;
				ENABLE_USER_SCRIPT_SANDBOXING = YES;
				GCC_C_LANGUAGE_STANDARD = gnu17;
				GCC_NO_COMMON_BLOCKS = YES;
				GCC_WARN_64_TO_32_BIT_CONVERSION = YES;
				GCC_WARN_ABOUT_RETURN_TYPE = YES_ERROR;
				GCC_WARN_UNDECLARED_SELECTOR = YES;
				GCC_WARN_UNINITIALIZED_AUTOS = YES_AGGRESSIVE;
				GCC_WARN_UNUSED_FUNCTION = YES;
				GCC_WARN_UNUSED_VARIABLE = YES;
				IPHONEOS_DEPLOYMENT_TARGET = 17.5;
				LOCALIZATION_PREFERS_STRING_CATALOGS = YES;
				MTL_ENABLE_DEBUG_INFO = NO;
				MTL_FAST_MATH = YES;
				SDKROOT = iphoneos;
				SWIFT_COMPILATION_MODE = wholemodule;
				VALIDATE_PRODUCT = YES;
			};
			name = Release;
		};
		AC0F9E472D0FD99700C90CD5 /* Debug */ = {
			isa = XCBuildConfiguration;
			buildSettings = {
				ASSETCATALOG_COMPILER_APPICON_NAME = AppIcon;
				ASSETCATALOG_COMPILER_GLOBAL_ACCENT_COLOR_NAME = AccentColor;
				CODE_SIGN_STYLE = Automatic;
				CURRENT_PROJECT_VERSION = 1;
				DEVELOPMENT_ASSET_PATHS = "\"SimpleWeatherApp/Preview Content\"";
				DEVELOPMENT_TEAM = Q33N4298M8;
				ENABLE_PREVIEWS = YES;
				GENERATE_INFOPLIST_FILE = YES;
				INFOPLIST_FILE = SimpleWeatherApp/Info.plist;
				INFOPLIST_KEY_LSApplicationCategoryType = "";
				INFOPLIST_KEY_UIApplicationSceneManifest_Generation = YES;
				INFOPLIST_KEY_UIApplicationSupportsIndirectInputEvents = YES;
				INFOPLIST_KEY_UILaunchScreen_Generation = YES;
				INFOPLIST_KEY_UISupportedInterfaceOrientations_iPad = "UIInterfaceOrientationPortrait UIInterfaceOrientationPortraitUpsideDown UIInterfaceOrientationLandscapeLeft UIInterfaceOrientationLandscapeRight";
				INFOPLIST_KEY_UISupportedInterfaceOrientations_iPhone = "UIInterfaceOrientationPortrait UIInterfaceOrientationLandscapeLeft UIInterfaceOrientationLandscapeRight";
				LD_RUNPATH_SEARCH_PATHS = (
					"$(inherited)",
					"@executable_path/Frameworks",
				);
				MARKETING_VERSION = 1.0;
				PRODUCT_BUNDLE_IDENTIFIER = praveen.SimpleWeatherApp;
				PRODUCT_NAME = "$(TARGET_NAME)";
				SWIFT_EMIT_LOC_STRINGS = YES;
				SWIFT_VERSION = 5.0;
				TARGETED_DEVICE_FAMILY = "1,2";
			};
			name = Debug;
		};
		AC0F9E482D0FD99700C90CD5 /* Release */ = {
			isa = XCBuildConfiguration;
			buildSettings = {
				ASSETCATALOG_COMPILER_APPICON_NAME = AppIcon;
				ASSETCATALOG_COMPILER_GLOBAL_ACCENT_COLOR_NAME = AccentColor;
				CODE_SIGN_STYLE = Automatic;
				CURRENT_PROJECT_VERSION = 1;
				DEVELOPMENT_ASSET_PATHS = "\"SimpleWeatherApp/Preview Content\"";
				DEVELOPMENT_TEAM = Q33N4298M8;
				ENABLE_PREVIEWS = YES;
				GENERATE_INFOPLIST_FILE = YES;
				INFOPLIST_FILE = SimpleWeatherApp/Info.plist;
				INFOPLIST_KEY_LSApplicationCategoryType = "";
				INFOPLIST_KEY_UIApplicationSceneManifest_Generation = YES;
				INFOPLIST_KEY_UIApplicationSupportsIndirectInputEvents = YES;
				INFOPLIST_KEY_UILaunchScreen_Generation = YES;
				INFOPLIST_KEY_UISupportedInterfaceOrientations_iPad = "UIInterfaceOrientationPortrait UIInterfaceOrientationPortraitUpsideDown UIInterfaceOrientationLandscapeLeft UIInterfaceOrientationLandscapeRight";
				INFOPLIST_KEY_UISupportedInterfaceOrientations_iPhone = "UIInterfaceOrientationPortrait UIInterfaceOrientationLandscapeLeft UIInterfaceOrientationLandscapeRight";
				LD_RUNPATH_SEARCH_PATHS = (
					"$(inherited)",
					"@executable_path/Frameworks",
				);
				MARKETING_VERSION = 1.0;
				PRODUCT_BUNDLE_IDENTIFIER = praveen.SimpleWeatherApp;
				PRODUCT_NAME = "$(TARGET_NAME)";
				SWIFT_EMIT_LOC_STRINGS = YES;
				SWIFT_VERSION = 5.0;
				TARGETED_DEVICE_FAMILY = "1,2";
			};
			name = Release;
		};
		AC0F9E4A2D0FD99700C90CD5 /* Debug */ = {
			isa = XCBuildConfiguration;
			buildSettings = {
				ALWAYS_EMBED_SWIFT_STANDARD_LIBRARIES = YES;
				BUNDLE_LOADER = "$(TEST_HOST)";
				CODE_SIGN_STYLE = Automatic;
				CURRENT_PROJECT_VERSION = 1;
				DEVELOPMENT_TEAM = Q33N4298M8;
				GENERATE_INFOPLIST_FILE = YES;
				IPHONEOS_DEPLOYMENT_TARGET = 17.5;
				MARKETING_VERSION = 1.0;
				PRODUCT_BUNDLE_IDENTIFIER = praveen.SimpleWeatherAppTests;
				PRODUCT_NAME = "$(TARGET_NAME)";
				SWIFT_EMIT_LOC_STRINGS = NO;
				SWIFT_VERSION = 5.0;
				TARGETED_DEVICE_FAMILY = "1,2";
				TEST_HOST = "$(BUILT_PRODUCTS_DIR)/SimpleWeatherApp.app/$(BUNDLE_EXECUTABLE_FOLDER_PATH)/SimpleWeatherApp";
			};
			name = Debug;
		};
		AC0F9E4B2D0FD99700C90CD5 /* Release */ = {
			isa = XCBuildConfiguration;
			buildSettings = {
				ALWAYS_EMBED_SWIFT_STANDARD_LIBRARIES = YES;
				BUNDLE_LOADER = "$(TEST_HOST)";
				CODE_SIGN_STYLE = Automatic;
				CURRENT_PROJECT_VERSION = 1;
				DEVELOPMENT_TEAM = Q33N4298M8;
				GENERATE_INFOPLIST_FILE = YES;
				IPHONEOS_DEPLOYMENT_TARGET = 17.5;
				MARKETING_VERSION = 1.0;
				PRODUCT_BUNDLE_IDENTIFIER = praveen.SimpleWeatherAppTests;
				PRODUCT_NAME = "$(TARGET_NAME)";
				SWIFT_EMIT_LOC_STRINGS = NO;
				SWIFT_VERSION = 5.0;
				TARGETED_DEVICE_FAMILY = "1,2";
				TEST_HOST = "$(BUILT_PRODUCTS_DIR)/SimpleWeatherApp.app/$(BUNDLE_EXECUTABLE_FOLDER_PATH)/SimpleWeatherApp";
			};
			name = Release;
		};
		AC0F9E4D2D0FD99700C90CD5 /* Debug */ = {
			isa = XCBuildConfiguration;
			buildSettings = {
				ALWAYS_EMBED_SWIFT_STANDARD_LIBRARIES = YES;
				CODE_SIGN_STYLE = Automatic;
				CURRENT_PROJECT_VERSION = 1;
				DEVELOPMENT_TEAM = Q33N4298M8;
				GENERATE_INFOPLIST_FILE = YES;
				MARKETING_VERSION = 1.0;
				PRODUCT_BUNDLE_IDENTIFIER = praveen.SimpleWeatherAppUITests;
				PRODUCT_NAME = "$(TARGET_NAME)";
				SWIFT_EMIT_LOC_STRINGS = NO;
				SWIFT_VERSION = 5.0;
				TARGETED_DEVICE_FAMILY = "1,2";
				TEST_TARGET_NAME = SimpleWeatherApp;
			};
			name = Debug;
		};
		AC0F9E4E2D0FD99700C90CD5 /* Release */ = {
			isa = XCBuildConfiguration;
			buildSettings = {
				ALWAYS_EMBED_SWIFT_STANDARD_LIBRARIES = YES;
				CODE_SIGN_STYLE = Automatic;
				CURRENT_PROJECT_VERSION = 1;
				DEVELOPMENT_TEAM = Q33N4298M8;
				GENERATE_INFOPLIST_FILE = YES;
				MARKETING_VERSION = 1.0;
				PRODUCT_BUNDLE_IDENTIFIER = praveen.SimpleWeatherAppUITests;
				PRODUCT_NAME = "$(TARGET_NAME)";
				SWIFT_EMIT_LOC_STRINGS = NO;
				SWIFT_VERSION = 5.0;
				TARGETED_DEVICE_FAMILY = "1,2";
				TEST_TARGET_NAME = SimpleWeatherApp;
			};
			name = Release;
		};
/* End XCBuildConfiguration section */

/* Begin XCConfigurationList section */
		AC0F9E1D2D0FD99600C90CD5 /* Build configuration list for PBXProject "SimpleWeatherApp" */ = {
			isa = XCConfigurationList;
			buildConfigurations = (
				AC0F9E442D0FD99700C90CD5 /* Debug */,
				AC0F9E452D0FD99700C90CD5 /* Release */,
			);
			defaultConfigurationIsVisible = 0;
			defaultConfigurationName = Release;
		};
		AC0F9E462D0FD99700C90CD5 /* Build configuration list for PBXNativeTarget "SimpleWeatherApp" */ = {
			isa = XCConfigurationList;
			buildConfigurations = (
				AC0F9E472D0FD99700C90CD5 /* Debug */,
				AC0F9E482D0FD99700C90CD5 /* Release */,
			);
			defaultConfigurationIsVisible = 0;
			defaultConfigurationName = Release;
		};
		AC0F9E492D0FD99700C90CD5 /* Build configuration list for PBXNativeTarget "SimpleWeatherAppTests" */ = {
			isa = XCConfigurationList;
			buildConfigurations = (
				AC0F9E4A2D0FD99700C90CD5 /* Debug */,
				AC0F9E4B2D0FD99700C90CD5 /* Release */,
			);
			defaultConfigurationIsVisible = 0;
			defaultConfigurationName = Release;
		};
		AC0F9E4C2D0FD99700C90CD5 /* Build configuration list for PBXNativeTarget "SimpleWeatherAppUITests" */ = {
			isa = XCConfigurationList;
			buildConfigurations = (
				AC0F9E4D2D0FD99700C90CD5 /* Debug */,
				AC0F9E4E2D0FD99700C90CD5 /* Release */,
			);
			defaultConfigurationIsVisible = 0;
			defaultConfigurationName = Release;
		};
/* End XCConfigurationList section */
	};
	rootObject = AC0F9E1A2D0FD99600C90CD5 /* Project object */;
}
